
Microsoft Visual Studio Solution File, Format Version 12.00
# Visual Studio Version 17
VisualStudioVersion = 17.4.33403.182
MinimumVisualStudioVersion = 10.0.40219.1
Project("{9A19103F-16F7-4668-BE54-9A1E7A4F7556}") = "ConsoleApp1", "ConsoleApp1\ConsoleApp1.csproj", "{D36AD7F3-E73B-4BA7-B414-70499D8BBF75}"
EndProject
Project("{9A19103F-16F7-4668-BE54-9A1E7A4F7556}") = "ConsoleApp2", "ConsoleApp2\ConsoleApp2.csproj", "{1315A9DA-1C2B-4969-A7AB-9D526ABAC9B7}"
EndProject
Project("{9A19103F-16F7-4668-BE54-9A1E7A4F7556}") = "NetCorePublisher", "NetCorePublisher\NetCorePublisher.csproj", "{09AFDD7B-85C3-42CB-AFC3-87021D5CBBBB}"
EndProject
Project("{9A19103F-16F7-4668-BE54-9A1E7A4F7556}") = "NetCoreSubscriber", "NetCoreSubscriber\NetCoreSubscriber.csproj", "{38B31DDB-4868-4E2B-918D-B9B33EA63BB4}"
EndProject
Project("{9A19103F-16F7-4668-BE54-9A1E7A4F7556}") = "NetCoreApp.Web", "NetCoreApp.Web\NetCoreApp.Web.csproj", "{9F2912C5-4B10-40B6-ABBC-B405C9E470C0}"
EndProject
Project("{FAE04EC0-301F-11D3-BF4B-00C04F79EFBC}") = "NwtCoreAppExcel.UI", "NwtCoreAppExcel.UI\NwtCoreAppExcel.UI.csproj", "{92D85A57-FF9F-4774-9E05-E048F3E65F72}"
EndProject
Project("{FAE04EC0-301F-11D3-BF4B-00C04F79EFBC}") = "Shared", "Shared\Shared.csproj", "{E71B7218-80D7-4210-B23C-8E8B19671896}"
EndProject
Project("{FAE04EC0-301F-11D3-BF4B-00C04F79EFBC}") = "FileCreateWorkerService", "FileCreateWorkerService\FileCreateWorkerService.csproj", "{D64739AB-AF29-41EE-80FC-3361CD63FF5F}"
EndProject
Global
	GlobalSection(SolutionConfigurationPlatforms) = preSolution
		Debug|Any CPU = Debug|Any CPU
		Release|Any CPU = Release|Any CPU
	EndGlobalSection
	GlobalSection(ProjectConfigurationPlatforms) = postSolution
		{D36AD7F3-E73B-4BA7-B414-70499D8BBF75}.Debug|Any CPU.ActiveCfg = Debug|Any CPU
		{D36AD7F3-E73B-4BA7-B414-70499D8BBF75}.Debug|Any CPU.Build.0 = Debug|Any CPU
		{D36AD7F3-E73B-4BA7-B414-70499D8BBF75}.Release|Any CPU.ActiveCfg = Release|Any CPU
		{D36AD7F3-E73B-4BA7-B414-70499D8BBF75}.Release|Any CPU.Build.0 = Release|Any CPU
		{1315A9DA-1C2B-4969-A7AB-9D526ABAC9B7}.Debug|Any CPU.ActiveCfg = Debug|Any CPU
		{1315A9DA-1C2B-4969-A7AB-9D526ABAC9B7}.Debug|Any CPU.Build.0 = Debug|Any CPU
		{1315A9DA-1C2B-4969-A7AB-9D526ABAC9B7}.Release|Any CPU.ActiveCfg = Release|Any CPU
		{1315A9DA-1C2B-4969-A7AB-9D526ABAC9B7}.Release|Any CPU.Build.0 = Release|Any CPU
		{09AFDD7B-85C3-42CB-AFC3-87021D5CBBBB}.Debug|Any CPU.ActiveCfg = Debug|Any CPU
		{09AFDD7B-85C3-42CB-AFC3-87021D5CBBBB}.Debug|Any CPU.Build.0 = Debug|Any CPU
		{09AFDD7B-85C3-42CB-AFC3-87021D5CBBBB}.Release|Any CPU.ActiveCfg = Release|Any CPU
		{09AFDD7B-85C3-42CB-AFC3-87021D5CBBBB}.Release|Any CPU.Build.0 = Release|Any CPU
		{38B31DDB-4868-4E2B-918D-B9B33EA63BB4}.Debug|Any CPU.ActiveCfg = Debug|Any CPU
		{38B31DDB-4868-4E2B-918D-B9B33EA63BB4}.Debug|Any CPU.Build.0 = Debug|Any CPU
		{38B31DDB-4868-4E2B-918D-B9B33EA63BB4}.Release|Any CPU.ActiveCfg = Release|Any CPU
		{38B31DDB-4868-4E2B-918D-B9B33EA63BB4}.Release|Any CPU.Build.0 = Release|Any CPU
		{9F2912C5-4B10-40B6-ABBC-B405C9E470C0}.Debug|Any CPU.ActiveCfg = Debug|Any CPU
		{9F2912C5-4B10-40B6-ABBC-B405C9E470C0}.Debug|Any CPU.Build.0 = Debug|Any CPU
		{9F2912C5-4B10-40B6-ABBC-B405C9E470C0}.Release|Any CPU.ActiveCfg = Release|Any CPU
		{9F2912C5-4B10-40B6-ABBC-B405C9E470C0}.Release|Any CPU.Build.0 = Release|Any CPU
		{92D85A57-FF9F-4774-9E05-E048F3E65F72}.Debug|Any CPU.ActiveCfg = Debug|Any CPU
		{92D85A57-FF9F-4774-9E05-E048F3E65F72}.Debug|Any CPU.Build.0 = Debug|Any CPU
		{92D85A57-FF9F-4774-9E05-E048F3E65F72}.Release|Any CPU.ActiveCfg = Release|Any CPU
		{92D85A57-FF9F-4774-9E05-E048F3E65F72}.Release|Any CPU.Build.0 = Release|Any CPU
		{E71B7218-80D7-4210-B23C-8E8B19671896}.Debug|Any CPU.ActiveCfg = Debug|Any CPU
		{E71B7218-80D7-4210-B23C-8E8B19671896}.Debug|Any CPU.Build.0 = Debug|Any CPU
		{E71B7218-80D7-4210-B23C-8E8B19671896}.Release|Any CPU.ActiveCfg = Release|Any CPU
		{E71B7218-80D7-4210-B23C-8E8B19671896}.Release|Any CPU.Build.0 = Release|Any CPU
		{D64739AB-AF29-41EE-80FC-3361CD63FF5F}.Debug|Any CPU.ActiveCfg = Debug|Any CPU
		{D64739AB-AF29-41EE-80FC-3361CD63FF5F}.Debug|Any CPU.Build.0 = Debug|Any CPU
		{D64739AB-AF29-41EE-80FC-3361CD63FF5F}.Release|Any CPU.ActiveCfg = Release|Any CPU
		{D64739AB-AF29-41EE-80FC-3361CD63FF5F}.Release|Any CPU.Build.0 = Release|Any CPU
	EndGlobalSection
	GlobalSection(SolutionProperties) = preSolution
		HideSolutionNode = FALSE
	EndGlobalSection
	GlobalSection(ExtensibilityGlobals) = postSolution
		SolutionGuid = {6CBAF88B-D90C-4AF2-B92A-A5D6C9B598AE}
	EndGlobalSection
EndGlobal
